Microsoft Visual Studio Solution File, Format Version 11.00
# Visual C# Express 2010
Project("{FAE04EC0-301F-11D3-BF4B-00C04F79EFBC}") = "GoMapBot", "GoMapBot.csproj", "{E7CDA802-64F9-4C71-96F8-FDC4D35E0D0C}"
EndProject
Global
	GlobalSection(SolutionConfigurationPlatforms) = preSolution
		Debug|Any CPU = Debug|Any CPU
		Release|Any CPU = Release|Any CPU
	EndGlobalSection
	GlobalSection(ProjectConfigurationPlatforms) = postSolution
		{E7CDA802-64F9-4C71-96F8-FDC4D35E0D0C}.Debug|Any CPU.ActiveCfg = Release|Any CPU
		{E7CDA802-64F9-4C71-96F8-FDC4D35E0D0C}.Debug|Any CPU.Build.0 = Release|Any CPU
		{E7CDA802-64F9-4C71-96F8-FDC4D35E0D0C}.Release|Any CPU.ActiveCfg = Release|Any CPU
		{E7CDA802-64F9-4C71-96F8-FDC4D35E0D0C}.Release|Any CPU.Build.0 = Release|Any CPU
	EndGlobalSection
	GlobalSection(SolutionProperties) = preSolution
		HideSolutionNode = FALSE
	EndGlobalSection
EndGlobal
